
Microsoft Visual Studio Solution File, Format Version 12.00
# Visual Studio Version 17
VisualStudioVersion = 17.9.34728.123
MinimumVisualStudioVersion = 10.0.40219.1
Project("{FAE04EC0-301F-11D3-BF4B-00C04F79EFBC}") = "ConsoleApp7", "ConsoleApp7\ConsoleApp7.csproj", "{D10FA175-5EAE-467F-8759-02F2E3FF507B}"
EndProject
Global
	GlobalSection(SolutionConfigurationPlatforms) = preSolution
		Debug|Any CPU = Debug|Any CPU
		Release|Any CPU = Release|Any CPU
	EndGlobalSection
	GlobalSection(ProjectConfigurationPlatforms) = postSolution
		{D10FA175-5EAE-467F-8759-02F2E3FF507B}.Debug|Any CPU.ActiveCfg = Debug|Any CPU
		{D10FA175-5EAE-467F-8759-02F2E3FF507B}.Debug|Any CPU.Build.0 = Debug|Any CPU
		{D10FA175-5EAE-467F-8759-02F2E3FF507B}.Release|Any CPU.ActiveCfg = Release|Any CPU
		{D10FA175-5EAE-467F-8759-02F2E3FF507B}.Release|Any CPU.Build.0 = Release|Any CPU
	EndGlobalSection
	GlobalSection(SolutionProperties) = preSolution
		HideSolutionNode = FALSE
	EndGlobalSection
	GlobalSection(ExtensibilityGlobals) = postSolution
		SolutionGuid = {2F90855F-3E7D-4C2D-AD36-D718913E27F7}
	EndGlobalSection
EndGlobal
